// !$*UTF8*$!
{
	archiveVersion = 1;
	classes = {
	};
	objectVersion = 50;
	objects = {

/* Begin PBXBuildFile section */
		215E7CAF2518A132004A7709 /* AppDelegate.m in Sources */ = {isa = PBXBuildFile; fileRef = 215E7CAE2518A132004A7709 /* AppDelegate.m */; };
		215E7CB22518A132004A7709 /* SceneDelegate.m in Sources */ = {isa = PBXBuildFile; fileRef = 215E7CB12518A132004A7709 /* SceneDelegate.m */; };
		215E7CB52518A132004A7709 /* ViewController.m in Sources */ = {isa = PBXBuildFile; fileRef = 215E7CB42518A132004A7709 /* ViewController.m */; };
		215E7CB82518A132004A7709 /* Main.storyboard in Resources */ = {isa = PBXBuildFile; fileRef = 215E7CB62518A132004A7709 /* Main.storyboard */; };
		215E7CBA2518A133004A7709 /* Assets.xcassets in Resources */ = {isa = PBXBuildFile; fileRef = 215E7CB92518A133004A7709 /* Assets.xcassets */; };
		215E7CBD2518A133004A7709 /* LaunchScreen.storyboard in Resources */ = {isa = PBXBuildFile; fileRef = 215E7CBB2518A133004A7709 /* LaunchScreen.storyboard */; };
		215E7CC02518A133004A7709 /* main.m in Sources */ = {isa = PBXBuildFile; fileRef = 215E7CBF2518A133004A7709 /* main.m */; };
		215E7CC92518A1AE004A7709 /* ModuleB.m in Sources */ = {isa = PBXBuildFile; fileRef = 215E7CC82518A1AE004A7709 /* ModuleB.m */; };
/* End PBXBuildFile section */

/* Begin PBXFileReference section */
		215E7CAA2518A132004A7709 /* ModuleB.app */ = {isa = PBXFileReference; explicitFileType = wrapper.application; includeInIndex = 0; path = ModuleB.app; sourceTree = BUILT_PRODUCTS_DIR; };
		215E7CAD2518A132004A7709 /* AppDelegate.h */ = {isa = PBXFileReference; lastKnownFileType = sourcecode.c.h; path = AppDelegate.h; sourceTree = "<group>"; };
		215E7CAE2518A132004A7709 /* AppDelegate.m */ = {isa = PBXFileReference; lastKnownFileType = sourcecode.c.objc; path = AppDelegate.m; sourceTree = "<group>"; };
		215E7CB02518A132004A7709 /* SceneDelegate.h */ = {isa = PBXFileReference; lastKnownFileType = sourcecode.c.h; path = SceneDelegate.h; sourceTree = "<group>"; };
		215E7CB12518A132004A7709 /* SceneDelegate.m */ = {isa = PBXFileReference; lastKnownFileType = sourcecode.c.objc; path = SceneDelegate.m; sourceTree = "<group>"; };
		215E7CB32518A132004A7709 /* ViewController.h */ = {isa = PBXFileReference; lastKnownFileType = sourcecode.c.h; path = ViewController.h; sourceTree = "<group>"; };
		215E7CB42518A132004A7709 /* ViewController.m */ = {isa = PBXFileReference; lastKnownFileType = sourcecode.c.objc; path = ViewController.m; sourceTree = "<group>"; };
		215E7CB72518A132004A7709 /* Base */ = {isa = PBXFileReference; lastKnownFileType = file.storyboard; name = Base; path = Base.lproj/Main.storyboard; sourceTree = "<group>"; };
		215E7CB92518A133004A7709 /* Assets.xcassets */ = {isa = PBXFileReference; lastKnownFileType = folder.assetcatalog; path = Assets.xcassets; sourceTree = "<group>"; };
		215E7CBC2518A133004A7709 /* Base */ = {isa = PBXFileReference; lastKnownFileType = file.storyboard; name = Base; path = Base.lproj/LaunchScreen.storyboard; sourceTree = "<group>"; };
		215E7CBE2518A133004A7709 /* Info.plist */ = {isa = PBXFileReference; lastKnownFileType = text.plist.xml; path = Info.plist; sourceTree = "<group>"; };
		215E7CBF2518A133004A7709 /* main.m */ = {isa = PBXFileReference; lastKnownFileType = sourcecode.c.objc; path = main.m; sourceTree = "<group>"; };
		215E7CC72518A1AE004A7709 /* ModuleB.h */ = {isa = PBXFileReference; fileEncoding = 4; lastKnownFileType = sourcecode.c.h; path = ModuleB.h; sourceTree = "<group>"; };
		215E7CC82518A1AE004A7709 /* ModuleB.m */ = {isa = PBXFileReference; fileEncoding = 4; lastKnownFileType = sourcecode.c.objc; path = ModuleB.m; sourceTree = "<group>"; };
/* End PBXFileReference section */

/* Begin PBXFrameworksBuildPhase section */
		215E7CA72518A132004A7709 /* Frameworks */ = {
			isa = PBXFrameworksBuildPhase;
			buildActionMask = 2147483647;
			files = (
			);
			runOnlyForDeploymentPostprocessing = 0;
		};
/* End PBXFrameworksBuildPhase section */

/* Begin PBXGroup section */
		215E7CA12518A132004A7709 = {
			isa = PBXGroup;
			children = (
				215E7CAC2518A132004A7709 /* ModuleB */,
				215E7CAB2518A132004A7709 /* Products */,
			);
			sourceTree = "<group>";
		};
		215E7CAB2518A132004A7709 /* Products */ = {
			isa = PBXGroup;
			children = (
				215E7CAA2518A132004A7709 /* ModuleB.app */,
			);
			name = Products;
			sourceTree = "<group>";
		};
		215E7CAC2518A132004A7709 /* ModuleB */ = {
			isa = PBXGroup;
			children = (
				215E7CC62518A13D004A7709 /* Core */,
				215E7CAD2518A132004A7709 /* AppDelegate.h */,
				215E7CAE2518A132004A7709 /* AppDelegate.m */,
				215E7CB02518A132004A7709 /* SceneDelegate.h */,
				215E7CB12518A132004A7709 /* SceneDelegate.m */,
				215E7CB32518A132004A7709 /* ViewController.h */,
				215E7CB42518A132004A7709 /* ViewController.m */,
				215E7CB62518A132004A7709 /* Main.storyboard */,
				215E7CB92518A133004A7709 /* Assets.xcassets */,
				215E7CBB2518A133004A7709 /* LaunchScreen.storyboard */,
				215E7CBE2518A133004A7709 /* Info.plist */,
				215E7CBF2518A133004A7709 /* main.m */,
			);
			path = ModuleB;
			sourceTree = "<group>";
		};
		215E7CC62518A13D004A7709 /* Core */ = {
			isa = PBXGroup;
			children = (
				215E7CC72518A1AE004A7709 /* ModuleB.h */,
				215E7CC82518A1AE004A7709 /* ModuleB.m */,
			);
			path = Core;
			sourceTree = "<group>";
		};
/* End PBXGroup section */

/* Begin PBXNativeTarget section */
		215E7CA92518A132004A7709 /* ModuleB */ = {
			isa = PBXNativeTarget;
			buildConfigurationList = 215E7CC32518A133004A7709 /* Build configuration list for PBXNativeTarget "ModuleB" */;
			buildPhases = (
				215E7CA62518A132004A7709 /* Sources */,
				215E7CA72518A132004A7709 /* Frameworks */,
				215E7CA82518A132004A7709 /* Resources */,
			);
			buildRules = (
			);
			dependencies = (
			);
			name = ModuleB;
			productName = ModuleB;
			productReference = 215E7CAA2518A132004A7709 /* ModuleB.app */;
			productType = "com.apple.product-type.application";
		};
/* End PBXNativeTarget section */

/* Begin PBXProject section */
		215E7CA22518A132004A7709 /* Project object */ = {
			isa = PBXProject;
			attributes = {
				LastUpgradeCheck = 1150;
				ORGANIZATIONNAME = hst;
				TargetAttributes = {
					215E7CA92518A132004A7709 = {
						CreatedOnToolsVersion = 11.5;
					};
				};
			};
			buildConfigurationList = 215E7CA52518A132004A7709 /* Build configuration list for PBXProject "ModuleB" */;
			compatibilityVersion = "Xcode 9.3";
			developmentRegion = en;
			hasScannedForEncodings = 0;
			knownRegions = (
				en,
				Base,
			);
			mainGroup = 215E7CA12518A132004A7709;
			productRefGroup = 215E7CAB2518A132004A7709 /* Products */;
			projectDirPath = "";
			projectRoot = "";
			targets = (
				215E7CA92518A132004A7709 /* ModuleB */,
			);
		};
/* End PBXProject section */

/* Begin PBXResourcesBuildPhase section */
		215E7CA82518A132004A7709 /* Resources */ = {
			isa = PBXResourcesBuildPhase;
			buildActionMask = 2147483647;
			files = (
				215E7CBD2518A133004A7709 /* LaunchScreen.storyboard in Resources */,
				215E7CBA2518A133004A7709 /* Assets.xcassets in Resources */,
				215E7CB82518A132004A7709 /* Main.storyboard in Resources */,
			);
			runOnlyForDeploymentPostprocessing = 0;
		};
/* End PBXResourcesBuildPhase section */

/* Begin PBXSourcesBuildPhase section */
		215E7CA62518A132004A7709 /* Sources */ = {
			isa = PBXSourcesBuildPhase;
			buildActionMask = 2147483647;
			files = (
				215E7CB52518A132004A7709 /* ViewController.m in Sources */,
				215E7CC92518A1AE004A7709 /* ModuleB.m in Sources */,
				215E7CAF2518A132004A7709 /* AppDelegate.m in Sources */,
				215E7CC02518A133004A7709 /* main.m in Sources */,
				215E7CB22518A132004A7709 /* SceneDelegate.m in Sources */,
			);
			runOnlyForDeploymentPostprocessing = 0;
		};
/* End PBXSourcesBuildPhase section */

/* Begin PBXVariantGroup section */
		215E7CB62518A132004A7709 /* Main.storyboard */ = {
			isa = PBXVariantGroup;
			children = (
				215E7CB72518A132004A7709 /* Base */,
			);
			name = Main.storyboard;
			sourceTree = "<group>";
		};
		215E7CBB2518A133004A7709 /* LaunchScreen.storyboard */ = {
			isa = PBXVariantGroup;
			children = (
				215E7CBC2518A133004A7709 /* Base */,
			);
			name = LaunchScreen.storyboard;
			sourceTree = "<group>";
		};
/* End PBXVariantGroup section */

/* Begin XCBuildConfiguration section */
		215E7CC12518A133004A7709 /* Debug */ = {
			isa = XCBuildConfiguration;
			buildSettings = {
				ALWAYS_SEARCH_USER_PATHS = NO;
				CLANG_ANALYZER_NONNULL = YES;
				CLANG_ANALYZER_NUMBER_OBJECT_CONVERSION = YES_AGGRESSIVE;
				CLANG_CXX_LANGUAGE_STANDARD = "gnu++14";
				CLANG_CXX_LIBRARY = "libc++";
				CLANG_ENABLE_MODULES = YES;
				CLANG_ENABLE_OBJC_ARC = YES;
				CLANG_ENABLE_OBJC_WEAK = YES;
				CLANG_WARN_BLOCK_CAPTURE_AUTORELEASING = YES;
				CLANG_WARN_BOOL_CONVERSION = YES;
				CLANG_WARN_COMMA = YES;
				CLANG_WARN_CONSTANT_CONVERSION = YES;
				CLANG_WARN_DEPRECATED_OBJC_IMPLEMENTATIONS = YES;
				CLANG_WARN_DIRECT_OBJC_ISA_USAGE = YES_ERROR;
				CLANG_WARN_DOCUMENTATION_COMMENTS = YES;
				CLANG_WARN_EMPTY_BODY = YES;
				CLANG_WARN_ENUM_CONVERSION = YES;
				CLANG_WARN_INFINITE_RECURSION = YES;
				CLANG_WARN_INT_CONVERSION = YES;
				CLANG_WARN_NON_LITERAL_NULL_CONVERSION = YES;
				CLANG_WARN_OBJC_IMPLICIT_RETAIN_SELF = YES;
				CLANG_WARN_OBJC_LITERAL_CONVERSION = YES;
				CLANG_WARN_OBJC_ROOT_CLASS = YES_ERROR;
				CLANG_WARN_RANGE_LOOP_ANALYSIS = YES;
				CLANG_WARN_STRICT_PROTOTYPES = YES;
				CLANG_WARN_SUSPICIOUS_MOVE = YES;
				CLANG_WARN_UNGUARDED_AVAILABILITY = YES_AGGRESSIVE;
				CLANG_WARN_UNREACHABLE_CODE = YES;
				CLANG_WARN__DUPLICATE_METHOD_MATCH = YES;
				COPY_PHASE_STRIP = NO;
				DEBUG_INFORMATION_FORMAT = dwarf;
				ENABLE_STRICT_OBJC_MSGSEND = YES;
				ENABLE_TESTABILITY = YES;
				GCC_C_LANGUAGE_STANDARD = gnu11;
				GCC_DYNAMIC_NO_PIC = NO;
				GCC_NO_COMMON_BLOCKS = YES;
				GCC_OPTIMIZATION_LEVEL = 0;
				GCC_PREPROCESSOR_DEFINITIONS = (
					"DEBUG=1",
					"$(inherited)",
				);
				GCC_WARN_64_TO_32_BIT_CONVERSION = YES;
				GCC_WARN_ABOUT_RETURN_TYPE = YES_ERROR;
				GCC_WARN_UNDECLARED_SELECTOR = YES;
				GCC_WARN_UNINITIALIZED_AUTOS = YES_AGGRESSIVE;
				GCC_WARN_UNUSED_FUNCTION = YES;
				GCC_WARN_UNUSED_VARIABLE = YES;
				IPHONEOS_DEPLOYMENT_TARGET = 13.5;
				MTL_ENABLE_DEBUG_INFO = INCLUDE_SOURCE;
				MTL_FAST_MATH = YES;
				ONLY_ACTIVE_ARCH = YES;
				SDKROOT = iphoneos;
			};
			name = Debug;
		};
		215E7CC22518A133004A7709 /* Release */ = {
			isa = XCBuildConfiguration;
			buildSettings = {
				ALWAYS_SEARCH_USER_PATHS = NO;
				CLANG_ANALYZER_NONNULL = YES;
				CLANG_ANALYZER_NUMBER_OBJECT_CONVERSION = YES_AGGRESSIVE;
				CLANG_CXX_LANGUAGE_STANDARD = "gnu++14";
				CLANG_CXX_LIBRARY = "libc++";
				CLANG_ENABLE_MODULES = YES;
				CLANG_ENABLE_OBJC_ARC = YES;
				CLANG_ENABLE_OBJC_WEAK = YES;
				CLANG_WARN_BLOCK_CAPTURE_AUTORELEASING = YES;
				CLANG_WARN_BOOL_CONVERSION = YES;
				CLANG_WARN_COMMA = YES;
				CLANG_WARN_CONSTANT_CONVERSION = YES;
				CLANG_WARN_DEPRECATED_OBJC_IMPLEMENTATIONS = YES;
				CLANG_WARN_DIRECT_OBJC_ISA_USAGE = YES_ERROR;
				CLANG_WARN_DOCUMENTATION_COMMENTS = YES;
				CLANG_WARN_EMPTY_BODY = YES;
				CLANG_WARN_ENUM_CONVERSION = YES;
				CLANG_WARN_INFINITE_RECURSION = YES;
				CLANG_WARN_INT_CONVERSION = YES;
				CLANG_WARN_NON_LITERAL_NULL_CONVERSION = YES;
				CLANG_WARN_OBJC_IMPLICIT_RETAIN_SELF = YES;
				CLANG_WARN_OBJC_LITERAL_CONVERSION = YES;
				CLANG_WARN_OBJC_ROOT_CLASS = YES_ERROR;
				CLANG_WARN_RANGE_LOOP_ANALYSIS = YES;
				CLANG_WARN_STRICT_PROTOTYPES = YES;
				CLANG_WARN_SUSPICIOUS_MOVE = YES;
				CLANG_WARN_UNGUARDED_AVAILABILITY = YES_AGGRESSIVE;
				CLANG_WARN_UNREACHABLE_CODE = YES;
				CLANG_WARN__DUPLICATE_METHOD_MATCH = YES;
				COPY_PHASE_STRIP = NO;
				DEBUG_INFORMATION_FORMAT = "dwarf-with-dsym";
				ENABLE_NS_ASSERTIONS = NO;
				ENABLE_STRICT_OBJC_MSGSEND = YES;
				GCC_C_LANGUAGE_STANDARD = gnu11;
				GCC_NO_COMMON_BLOCKS = YES;
				GCC_WARN_64_TO_32_BIT_CONVERSION = YES;
				GCC_WARN_ABOUT_RETURN_TYPE = YES_ERROR;
				GCC_WARN_UNDECLARED_SELECTOR = YES;
				GCC_WARN_UNINITIALIZED_AUTOS = YES_AGGRESSIVE;
				GCC_WARN_UNUSED_FUNCTION = YES;
				GCC_WARN_UNUSED_VARIABLE = YES;
				IPHONEOS_DEPLOYMENT_TARGET = 13.5;
				MTL_ENABLE_DEBUG_INFO = NO;
				MTL_FAST_MATH = YES;
				SDKROOT = iphoneos;
				VALIDATE_PRODUCT = YES;
			};
			name = Release;
		};
		215E7CC42518A133004A7709 /* Debug */ = {
			isa = XCBuildConfiguration;
			buildSettings = {
				ASSETCATALOG_COMPILER_APPICON_NAME = AppIcon;
				CODE_SIGN_STYLE = Automatic;
				DEVELOPMENT_TEAM = 53DAE2UZ3M;
				INFOPLIST_FILE = ModuleB/Info.plist;
				LD_RUNPATH_SEARCH_PATHS = (
					"$(inherited)",
					"@executable_path/Frameworks",
				);
				PRODUCT_BUNDLE_IDENTIFIER = hst.ModuleB;
				PRODUCT_NAME = "$(TARGET_NAME)";
				TARGETED_DEVICE_FAMILY = "1,2";
			};
			name = Debug;
		};
		215E7CC52518A133004A7709 /* Release */ = {
			isa = XCBuildConfiguration;
			buildSettings = {
				ASSETCATALOG_COMPILER_APPICON_NAME = AppIcon;
				CODE_SIGN_STYLE = Automatic;
				DEVELOPMENT_TEAM = 53DAE2UZ3M;
				INFOPLIST_FILE = ModuleB/Info.plist;
				LD_RUNPATH_SEARCH_PATHS = (
					"$(inherited)",
					"@executable_path/Frameworks",
				);
				PRODUCT_BUNDLE_IDENTIFIER = hst.ModuleB;
				PRODUCT_NAME = "$(TARGET_NAME)";
				TARGETED_DEVICE_FAMILY = "1,2";
			};
			name = Release;
		};
/* End XCBuildConfiguration section */

/* Begin XCConfigurationList section */
		215E7CA52518A132004A7709 /* Build configuration list for PBXProject "ModuleB" */ = {
			isa = XCConfigurationList;
			buildConfigurations = (
				215E7CC12518A133004A7709 /* Debug */,
				215E7CC22518A133004A7709 /* Release */,
			);
			defaultConfigurationIsVisible = 0;
			defaultConfigurationName = Release;
		};
		215E7CC32518A133004A7709 /* Build configuration list for PBXNativeTarget "ModuleB" */ = {
			isa = XCConfigurationList;
			buildConfigurations = (
				215E7CC42518A133004A7709 /* Debug */,
				215E7CC52518A133004A7709 /* Release */,
			);
			defaultConfigurationIsVisible = 0;
			defaultConfigurationName = Release;
		};
/* End XCConfigurationList section */
	};
	rootObject = 215E7CA22518A132004A7709 /* Project object */;
}
